
Microsoft Visual Studio Solution File, Format Version 12.00
# Visual Studio Version 16
VisualStudioVersion = 16.0.30204.135
MinimumVisualStudioVersion = 10.0.40219.1
Project("{FAE04EC0-301F-11D3-BF4B-00C04F79EFBC}") = "BusinessRulesEngineServer", "Src\BusinessRulesEngineServer.csproj", "{44139C04-6809-49E4-B9D1-77D3E360505C}"
EndProject
Project("{FAE04EC0-301F-11D3-BF4B-00C04F79EFBC}") = "BusinessRulesEngine.Tests", "BusinessRulesEngine.Tests\BusinessRulesEngine.Tests.csproj", "{E2062633-B3E8-4658-A659-6BE840DA9D3B}"
EndProject
Global
	GlobalSection(SolutionConfigurationPlatforms) = preSolution
		Debug|Any CPU = Debug|Any CPU
		Release|Any CPU = Release|Any CPU
	EndGlobalSection
	GlobalSection(ProjectConfigurationPlatforms) = postSolution
		{44139C04-6809-49E4-B9D1-77D3E360505C}.Debug|Any CPU.ActiveCfg = Debug|Any CPU
		{44139C04-6809-49E4-B9D1-77D3E360505C}.Debug|Any CPU.Build.0 = Debug|Any CPU
		{44139C04-6809-49E4-B9D1-77D3E360505C}.Release|Any CPU.ActiveCfg = Release|Any CPU
		{44139C04-6809-49E4-B9D1-77D3E360505C}.Release|Any CPU.Build.0 = Release|Any CPU
		{E2062633-B3E8-4658-A659-6BE840DA9D3B}.Debug|Any CPU.ActiveCfg = Debug|Any CPU
		{E2062633-B3E8-4658-A659-6BE840DA9D3B}.Debug|Any CPU.Build.0 = Debug|Any CPU
		{E2062633-B3E8-4658-A659-6BE840DA9D3B}.Release|Any CPU.ActiveCfg = Release|Any CPU
		{E2062633-B3E8-4658-A659-6BE840DA9D3B}.Release|Any CPU.Build.0 = Release|Any CPU
	EndGlobalSection
	GlobalSection(SolutionProperties) = preSolution
		HideSolutionNode = FALSE
	EndGlobalSection
	GlobalSection(ExtensibilityGlobals) = postSolution
		SolutionGuid = {02F9EEC0-A6B2-4A55-AE03-0B36F03A0040}
	EndGlobalSection
EndGlobal
